// !$*UTF8*$!
{
	archiveVersion = 1;
	classes = {
	};
	objectVersion = 55;
	objects = {

/* Begin PBXBuildFile section */
		52BDC7E3282D369200CF3B26 /* AppDelegate.swift in Sources */ = {isa = PBXBuildFile; fileRef = 52BDC7E2282D369200CF3B26 /* AppDelegate.swift */; };
		52BDC7E5282D369200CF3B26 /* SceneDelegate.swift in Sources */ = {isa = PBXBuildFile; fileRef = 52BDC7E4282D369200CF3B26 /* SceneDelegate.swift */; };
		52BDC7E7282D369200CF3B26 /* ViewController.swift in Sources */ = {isa = PBXBuildFile; fileRef = 52BDC7E6282D369200CF3B26 /* ViewController.swift */; };
		52BDC7EC282D369500CF3B26 /* Assets.xcassets in Resources */ = {isa = PBXBuildFile; fileRef = 52BDC7EB282D369500CF3B26 /* Assets.xcassets */; };
		52BDC7EF282D369500CF3B26 /* LaunchScreen.storyboard in Resources */ = {isa = PBXBuildFile; fileRef = 52BDC7ED282D369500CF3B26 /* LaunchScreen.storyboard */; };
		52BDC7F7282D859C00CF3B26 /* UIImage+resize.swift in Sources */ = {isa = PBXBuildFile; fileRef = 52BDC7F6282D859C00CF3B26 /* UIImage+resize.swift */; };
		52BDC809282D8D6800CF3B26 /* 3.wav in Resources */ = {isa = PBXBuildFile; fileRef = 52BDC7F9282D8D6300CF3B26 /* 3.wav */; };
		52BDC80A282D8D6800CF3B26 /* 14.wav in Resources */ = {isa = PBXBuildFile; fileRef = 52BDC7FA282D8D6300CF3B26 /* 14.wav */; };
		52BDC80B282D8D6800CF3B26 /* 8.wav in Resources */ = {isa = PBXBuildFile; fileRef = 52BDC7FB282D8D6400CF3B26 /* 8.wav */; };
		52BDC80C282D8D6800CF3B26 /* 1.wav in Resources */ = {isa = PBXBuildFile; fileRef = 52BDC7FC282D8D6400CF3B26 /* 1.wav */; };
		52BDC80D282D8D6800CF3B26 /* 10.wav in Resources */ = {isa = PBXBuildFile; fileRef = 52BDC7FD282D8D6500CF3B26 /* 10.wav */; };
		52BDC80E282D8D6800CF3B26 /* 2.wav in Resources */ = {isa = PBXBuildFile; fileRef = 52BDC7FE282D8D6500CF3B26 /* 2.wav */; };
		52BDC80F282D8D6800CF3B26 /* 0.wav in Resources */ = {isa = PBXBuildFile; fileRef = 52BDC7FF282D8D6500CF3B26 /* 0.wav */; };
		52BDC810282D8D6800CF3B26 /* 13.wav in Resources */ = {isa = PBXBuildFile; fileRef = 52BDC800282D8D6500CF3B26 /* 13.wav */; };
		52BDC811282D8D6800CF3B26 /* 11.wav in Resources */ = {isa = PBXBuildFile; fileRef = 52BDC801282D8D6600CF3B26 /* 11.wav */; };
		52BDC812282D8D6800CF3B26 /* 9.wav in Resources */ = {isa = PBXBuildFile; fileRef = 52BDC802282D8D6600CF3B26 /* 9.wav */; };
		52BDC813282D8D6800CF3B26 /* 6.wav in Resources */ = {isa = PBXBuildFile; fileRef = 52BDC803282D8D6700CF3B26 /* 6.wav */; };
		52BDC814282D8D6800CF3B26 /* 7.wav in Resources */ = {isa = PBXBuildFile; fileRef = 52BDC804282D8D6700CF3B26 /* 7.wav */; };
		52BDC815282D8D6800CF3B26 /* 15.wav in Resources */ = {isa = PBXBuildFile; fileRef = 52BDC805282D8D6700CF3B26 /* 15.wav */; };
		52BDC816282D8D6800CF3B26 /* 12.wav in Resources */ = {isa = PBXBuildFile; fileRef = 52BDC806282D8D6700CF3B26 /* 12.wav */; };
		52BDC817282D8D6800CF3B26 /* 4.wav in Resources */ = {isa = PBXBuildFile; fileRef = 52BDC807282D8D6800CF3B26 /* 4.wav */; };
		52BDC818282D8D6800CF3B26 /* 5.wav in Resources */ = {isa = PBXBuildFile; fileRef = 52BDC808282D8D6800CF3B26 /* 5.wav */; };
/* End PBXBuildFile section */

/* Begin PBXFileReference section */
		52BDC7DF282D369200CF3B26 /* launchPad.app */ = {isa = PBXFileReference; explicitFileType = wrapper.application; includeInIndex = 0; path = launchPad.app; sourceTree = BUILT_PRODUCTS_DIR; };
		52BDC7E2282D369200CF3B26 /* AppDelegate.swift */ = {isa = PBXFileReference; lastKnownFileType = sourcecode.swift; path = AppDelegate.swift; sourceTree = "<group>"; };
		52BDC7E4282D369200CF3B26 /* SceneDelegate.swift */ = {isa = PBXFileReference; lastKnownFileType = sourcecode.swift; path = SceneDelegate.swift; sourceTree = "<group>"; };
		52BDC7E6282D369200CF3B26 /* ViewController.swift */ = {isa = PBXFileReference; lastKnownFileType = sourcecode.swift; path = ViewController.swift; sourceTree = "<group>"; };
		52BDC7EB282D369500CF3B26 /* Assets.xcassets */ = {isa = PBXFileReference; lastKnownFileType = folder.assetcatalog; path = Assets.xcassets; sourceTree = "<group>"; };
		52BDC7EE282D369500CF3B26 /* Base */ = {isa = PBXFileReference; lastKnownFileType = file.storyboard; name = Base; path = Base.lproj/LaunchScreen.storyboard; sourceTree = "<group>"; };
		52BDC7F0282D369500CF3B26 /* Info.plist */ = {isa = PBXFileReference; lastKnownFileType = text.plist.xml; path = Info.plist; sourceTree = "<group>"; };
		52BDC7F6282D859C00CF3B26 /* UIImage+resize.swift */ = {isa = PBXFileReference; lastKnownFileType = sourcecode.swift; path = "UIImage+resize.swift"; sourceTree = "<group>"; };
		52BDC7F9282D8D6300CF3B26 /* 3.wav */ = {isa = PBXFileReference; lastKnownFileType = audio.wav; path = 3.wav; sourceTree = "<group>"; };
		52BDC7FA282D8D6300CF3B26 /* 14.wav */ = {isa = PBXFileReference; lastKnownFileType = audio.wav; path = 14.wav; sourceTree = "<group>"; };
		52BDC7FB282D8D6400CF3B26 /* 8.wav */ = {isa = PBXFileReference; lastKnownFileType = audio.wav; path = 8.wav; sourceTree = "<group>"; };
		52BDC7FC282D8D6400CF3B26 /* 1.wav */ = {isa = PBXFileReference; lastKnownFileType = audio.wav; path = 1.wav; sourceTree = "<group>"; };
		52BDC7FD282D8D6500CF3B26 /* 10.wav */ = {isa = PBXFileReference; lastKnownFileType = audio.wav; path = 10.wav; sourceTree = "<group>"; };
		52BDC7FE282D8D6500CF3B26 /* 2.wav */ = {isa = PBXFileReference; lastKnownFileType = audio.wav; path = 2.wav; sourceTree = "<group>"; };
		52BDC7FF282D8D6500CF3B26 /* 0.wav */ = {isa = PBXFileReference; lastKnownFileType = audio.wav; path = 0.wav; sourceTree = "<group>"; };
		52BDC800282D8D6500CF3B26 /* 13.wav */ = {isa = PBXFileReference; lastKnownFileType = audio.wav; path = 13.wav; sourceTree = "<group>"; };
		52BDC801282D8D6600CF3B26 /* 11.wav */ = {isa = PBXFileReference; lastKnownFileType = audio.wav; path = 11.wav; sourceTree = "<group>"; };
		52BDC802282D8D6600CF3B26 /* 9.wav */ = {isa = PBXFileReference; lastKnownFileType = audio.wav; path = 9.wav; sourceTree = "<group>"; };
		52BDC803282D8D6700CF3B26 /* 6.wav */ = {isa = PBXFileReference; lastKnownFileType = audio.wav; path = 6.wav; sourceTree = "<group>"; };
		52BDC804282D8D6700CF3B26 /* 7.wav */ = {isa = PBXFileReference; lastKnownFileType = audio.wav; path = 7.wav; sourceTree = "<group>"; };
		52BDC805282D8D6700CF3B26 /* 15.wav */ = {isa = PBXFileReference; lastKnownFileType = audio.wav; path = 15.wav; sourceTree = "<group>"; };
		52BDC806282D8D6700CF3B26 /* 12.wav */ = {isa = PBXFileReference; lastKnownFileType = audio.wav; path = 12.wav; sourceTree = "<group>"; };
		52BDC807282D8D6800CF3B26 /* 4.wav */ = {isa = PBXFileReference; lastKnownFileType = audio.wav; path = 4.wav; sourceTree = "<group>"; };
		52BDC808282D8D6800CF3B26 /* 5.wav */ = {isa = PBXFileReference; lastKnownFileType = audio.wav; path = 5.wav; sourceTree = "<group>"; };
/* End PBXFileReference section */

/* Begin PBXFrameworksBuildPhase section */
		52BDC7DC282D369200CF3B26 /* Frameworks */ = {
			isa = PBXFrameworksBuildPhase;
			buildActionMask = 2147483647;
			files = (
			);
			runOnlyForDeploymentPostprocessing = 0;
		};
/* End PBXFrameworksBuildPhase section */

/* Begin PBXGroup section */
		52BDC7D6282D369200CF3B26 = {
			isa = PBXGroup;
			children = (
				52BDC7E1282D369200CF3B26 /* launchPad */,
				52BDC7E0282D369200CF3B26 /* Products */,
			);
			sourceTree = "<group>";
		};
		52BDC7E0282D369200CF3B26 /* Products */ = {
			isa = PBXGroup;
			children = (
				52BDC7DF282D369200CF3B26 /* launchPad.app */,
			);
			name = Products;
			sourceTree = "<group>";
		};
		52BDC7E1282D369200CF3B26 /* launchPad */ = {
			isa = PBXGroup;
			children = (
				52BDC7F8282D8D3500CF3B26 /* sounds */,
				52BDC7E2282D369200CF3B26 /* AppDelegate.swift */,
				52BDC7E4282D369200CF3B26 /* SceneDelegate.swift */,
				52BDC7E6282D369200CF3B26 /* ViewController.swift */,
				52BDC7EB282D369500CF3B26 /* Assets.xcassets */,
				52BDC7ED282D369500CF3B26 /* LaunchScreen.storyboard */,
				52BDC7F0282D369500CF3B26 /* Info.plist */,
				52BDC7F6282D859C00CF3B26 /* UIImage+resize.swift */,
			);
			path = launchPad;
			sourceTree = "<group>";
		};
		52BDC7F8282D8D3500CF3B26 /* sounds */ = {
			isa = PBXGroup;
			children = (
				52BDC7FF282D8D6500CF3B26 /* 0.wav */,
				52BDC7FC282D8D6400CF3B26 /* 1.wav */,
				52BDC7FE282D8D6500CF3B26 /* 2.wav */,
				52BDC7F9282D8D6300CF3B26 /* 3.wav */,
				52BDC807282D8D6800CF3B26 /* 4.wav */,
				52BDC808282D8D6800CF3B26 /* 5.wav */,
				52BDC803282D8D6700CF3B26 /* 6.wav */,
				52BDC804282D8D6700CF3B26 /* 7.wav */,
				52BDC7FB282D8D6400CF3B26 /* 8.wav */,
				52BDC802282D8D6600CF3B26 /* 9.wav */,
				52BDC7FD282D8D6500CF3B26 /* 10.wav */,
				52BDC801282D8D6600CF3B26 /* 11.wav */,
				52BDC806282D8D6700CF3B26 /* 12.wav */,
				52BDC800282D8D6500CF3B26 /* 13.wav */,
				52BDC7FA282D8D6300CF3B26 /* 14.wav */,
				52BDC805282D8D6700CF3B26 /* 15.wav */,
			);
			path = sounds;
			sourceTree = "<group>";
		};
/* End PBXGroup section */

/* Begin PBXNativeTarget section */
		52BDC7DE282D369200CF3B26 /* launchPad */ = {
			isa = PBXNativeTarget;
			buildConfigurationList = 52BDC7F3282D369500CF3B26 /* Build configuration list for PBXNativeTarget "launchPad" */;
			buildPhases = (
				52BDC7DB282D369200CF3B26 /* Sources */,
				52BDC7DC282D369200CF3B26 /* Frameworks */,
				52BDC7DD282D369200CF3B26 /* Resources */,
			);
			buildRules = (
			);
			dependencies = (
			);
			name = launchPad;
			productName = launchPad;
			productReference = 52BDC7DF282D369200CF3B26 /* launchPad.app */;
			productType = "com.apple.product-type.application";
		};
/* End PBXNativeTarget section */

/* Begin PBXProject section */
		52BDC7D7282D369200CF3B26 /* Project object */ = {
			isa = PBXProject;
			attributes = {
				BuildIndependentTargetsInParallel = 1;
				LastSwiftUpdateCheck = 1330;
				LastUpgradeCheck = 1330;
				TargetAttributes = {
					52BDC7DE282D369200CF3B26 = {
						CreatedOnToolsVersion = 13.3.1;
					};
				};
			};
			buildConfigurationList = 52BDC7DA282D369200CF3B26 /* Build configuration list for PBXProject "launchPad" */;
			compatibilityVersion = "Xcode 13.0";
			developmentRegion = en;
			hasScannedForEncodings = 0;
			knownRegions = (
				en,
				Base,
			);
			mainGroup = 52BDC7D6282D369200CF3B26;
			productRefGroup = 52BDC7E0282D369200CF3B26 /* Products */;
			projectDirPath = "";
			projectRoot = "";
			targets = (
				52BDC7DE282D369200CF3B26 /* launchPad */,
			);
		};
/* End PBXProject section */

/* Begin PBXResourcesBuildPhase section */
		52BDC7DD282D369200CF3B26 /* Resources */ = {
			isa = PBXResourcesBuildPhase;
			buildActionMask = 2147483647;
			files = (
				52BDC818282D8D6800CF3B26 /* 5.wav in Resources */,
				52BDC810282D8D6800CF3B26 /* 13.wav in Resources */,
				52BDC80C282D8D6800CF3B26 /* 1.wav in Resources */,
				52BDC811282D8D6800CF3B26 /* 11.wav in Resources */,
				52BDC809282D8D6800CF3B26 /* 3.wav in Resources */,
				52BDC817282D8D6800CF3B26 /* 4.wav in Resources */,
				52BDC80B282D8D6800CF3B26 /* 8.wav in Resources */,
				52BDC816282D8D6800CF3B26 /* 12.wav in Resources */,
				52BDC80E282D8D6800CF3B26 /* 2.wav in Resources */,
				52BDC813282D8D6800CF3B26 /* 6.wav in Resources */,
				52BDC812282D8D6800CF3B26 /* 9.wav in Resources */,
				52BDC7EF282D369500CF3B26 /* LaunchScreen.storyboard in Resources */,
				52BDC7EC282D369500CF3B26 /* Assets.xcassets in Resources */,
				52BDC815282D8D6800CF3B26 /* 15.wav in Resources */,
				52BDC80F282D8D6800CF3B26 /* 0.wav in Resources */,
				52BDC80A282D8D6800CF3B26 /* 14.wav in Resources */,
				52BDC814282D8D6800CF3B26 /* 7.wav in Resources */,
				52BDC80D282D8D6800CF3B26 /* 10.wav in Resources */,
			);
			runOnlyForDeploymentPostprocessing = 0;
		};
/* End PBXResourcesBuildPhase section */

/* Begin PBXSourcesBuildPhase section */
		52BDC7DB282D369200CF3B26 /* Sources */ = {
			isa = PBXSourcesBuildPhase;
			buildActionMask = 2147483647;
			files = (
				52BDC7E7282D369200CF3B26 /* ViewController.swift in Sources */,
				52BDC7F7282D859C00CF3B26 /* UIImage+resize.swift in Sources */,
				52BDC7E3282D369200CF3B26 /* AppDelegate.swift in Sources */,
				52BDC7E5282D369200CF3B26 /* SceneDelegate.swift in Sources */,
			);
			runOnlyForDeploymentPostprocessing = 0;
		};
/* End PBXSourcesBuildPhase section */

/* Begin PBXVariantGroup section */
		52BDC7ED282D369500CF3B26 /* LaunchScreen.storyboard */ = {
			isa = PBXVariantGroup;
			children = (
				52BDC7EE282D369500CF3B26 /* Base */,
			);
			name = LaunchScreen.storyboard;
			sourceTree = "<group>";
		};
/* End PBXVariantGroup section */

/* Begin XCBuildConfiguration section */
		52BDC7F1282D369500CF3B26 /* Debug */ = {
			isa = XCBuildConfiguration;
			buildSettings = {
				ALWAYS_SEARCH_USER_PATHS = NO;
				CLANG_ANALYZER_NONNULL = YES;
				CLANG_ANALYZER_NUMBER_OBJECT_CONVERSION = YES_AGGRESSIVE;
				CLANG_CXX_LANGUAGE_STANDARD = "gnu++17";
				CLANG_ENABLE_MODULES = YES;
				CLANG_ENABLE_OBJC_ARC = YES;
				CLANG_ENABLE_OBJC_WEAK = YES;
				CLANG_WARN_BLOCK_CAPTURE_AUTORELEASING = YES;
				CLANG_WARN_BOOL_CONVERSION = YES;
				CLANG_WARN_COMMA = YES;
				CLANG_WARN_CONSTANT_CONVERSION = YES;
				CLANG_WARN_DEPRECATED_OBJC_IMPLEMENTATIONS = YES;
				CLANG_WARN_DIRECT_OBJC_ISA_USAGE = YES_ERROR;
				CLANG_WARN_DOCUMENTATION_COMMENTS = YES;
				CLANG_WARN_EMPTY_BODY = YES;
				CLANG_WARN_ENUM_CONVERSION = YES;
				CLANG_WARN_INFINITE_RECURSION = YES;
				CLANG_WARN_INT_CONVERSION = YES;
				CLANG_WARN_NON_LITERAL_NULL_CONVERSION = YES;
				CLANG_WARN_OBJC_IMPLICIT_RETAIN_SELF = YES;
				CLANG_WARN_OBJC_LITERAL_CONVERSION = YES;
				CLANG_WARN_OBJC_ROOT_CLASS = YES_ERROR;
				CLANG_WARN_QUOTED_INCLUDE_IN_FRAMEWORK_HEADER = YES;
				CLANG_WARN_RANGE_LOOP_ANALYSIS = YES;
				CLANG_WARN_STRICT_PROTOTYPES = YES;
				CLANG_WARN_SUSPICIOUS_MOVE = YES;
				CLANG_WARN_UNGUARDED_AVAILABILITY = YES_AGGRESSIVE;
				CLANG_WARN_UNREACHABLE_CODE = YES;
				CLANG_WARN__DUPLICATE_METHOD_MATCH = YES;
				COPY_PHASE_STRIP = NO;
				DEBUG_INFORMATION_FORMAT = dwarf;
				ENABLE_STRICT_OBJC_MSGSEND = YES;
				ENABLE_TESTABILITY = YES;
				GCC_C_LANGUAGE_STANDARD = gnu11;
				GCC_DYNAMIC_NO_PIC = NO;
				GCC_NO_COMMON_BLOCKS = YES;
				GCC_OPTIMIZATION_LEVEL = 0;
				GCC_PREPROCESSOR_DEFINITIONS = (
					"DEBUG=1",
					"$(inherited)",
				);
				GCC_WARN_64_TO_32_BIT_CONVERSION = YES;
				GCC_WARN_ABOUT_RETURN_TYPE = YES_ERROR;
				GCC_WARN_UNDECLARED_SELECTOR = YES;
				GCC_WARN_UNINITIALIZED_AUTOS = YES_AGGRESSIVE;
				GCC_WARN_UNUSED_FUNCTION = YES;
				GCC_WARN_UNUSED_VARIABLE = YES;
				IPHONEOS_DEPLOYMENT_TARGET = 15.4;
				MTL_ENABLE_DEBUG_INFO = INCLUDE_SOURCE;
				MTL_FAST_MATH = YES;
				ONLY_ACTIVE_ARCH = YES;
				SDKROOT = iphoneos;
				SWIFT_ACTIVE_COMPILATION_CONDITIONS = DEBUG;
				SWIFT_OPTIMIZATION_LEVEL = "-Onone";
			};
			name = Debug;
		};
		52BDC7F2282D369500CF3B26 /* Release */ = {
			isa = XCBuildConfiguration;
			buildSettings = {
				ALWAYS_SEARCH_USER_PATHS = NO;
				CLANG_ANALYZER_NONNULL = YES;
				CLANG_ANALYZER_NUMBER_OBJECT_CONVERSION = YES_AGGRESSIVE;
				CLANG_CXX_LANGUAGE_STANDARD = "gnu++17";
				CLANG_ENABLE_MODULES = YES;
				CLANG_ENABLE_OBJC_ARC = YES;
				CLANG_ENABLE_OBJC_WEAK = YES;
				CLANG_WARN_BLOCK_CAPTURE_AUTORELEASING = YES;
				CLANG_WARN_BOOL_CONVERSION = YES;
				CLANG_WARN_COMMA = YES;
				CLANG_WARN_CONSTANT_CONVERSION = YES;
				CLANG_WARN_DEPRECATED_OBJC_IMPLEMENTATIONS = YES;
				CLANG_WARN_DIRECT_OBJC_ISA_USAGE = YES_ERROR;
				CLANG_WARN_DOCUMENTATION_COMMENTS = YES;
				CLANG_WARN_EMPTY_BODY = YES;
				CLANG_WARN_ENUM_CONVERSION = YES;
				CLANG_WARN_INFINITE_RECURSION = YES;
				CLANG_WARN_INT_CONVERSION = YES;
				CLANG_WARN_NON_LITERAL_NULL_CONVERSION = YES;
				CLANG_WARN_OBJC_IMPLICIT_RETAIN_SELF = YES;
				CLANG_WARN_OBJC_LITERAL_CONVERSION = YES;
				CLANG_WARN_OBJC_ROOT_CLASS = YES_ERROR;
				CLANG_WARN_QUOTED_INCLUDE_IN_FRAMEWORK_HEADER = YES;
				CLANG_WARN_RANGE_LOOP_ANALYSIS = YES;
				CLANG_WARN_STRICT_PROTOTYPES = YES;
				CLANG_WARN_SUSPICIOUS_MOVE = YES;
				CLANG_WARN_UNGUARDED_AVAILABILITY = YES_AGGRESSIVE;
				CLANG_WARN_UNREACHABLE_CODE = YES;
				CLANG_WARN__DUPLICATE_METHOD_MATCH = YES;
				COPY_PHASE_STRIP = NO;
				DEBUG_INFORMATION_FORMAT = "dwarf-with-dsym";
				ENABLE_NS_ASSERTIONS = NO;
				ENABLE_STRICT_OBJC_MSGSEND = YES;
				GCC_C_LANGUAGE_STANDARD = gnu11;
				GCC_NO_COMMON_BLOCKS = YES;
				GCC_WARN_64_TO_32_BIT_CONVERSION = YES;
				GCC_WARN_ABOUT_RETURN_TYPE = YES_ERROR;
				GCC_WARN_UNDECLARED_SELECTOR = YES;
				GCC_WARN_UNINITIALIZED_AUTOS = YES_AGGRESSIVE;
				GCC_WARN_UNUSED_FUNCTION = YES;
				GCC_WARN_UNUSED_VARIABLE = YES;
				IPHONEOS_DEPLOYMENT_TARGET = 15.4;
				MTL_ENABLE_DEBUG_INFO = NO;
				MTL_FAST_MATH = YES;
				SDKROOT = iphoneos;
				SWIFT_COMPILATION_MODE = wholemodule;
				SWIFT_OPTIMIZATION_LEVEL = "-O";
				VALIDATE_PRODUCT = YES;
			};
			name = Release;
		};
		52BDC7F4282D369500CF3B26 /* Debug */ = {
			isa = XCBuildConfiguration;
			buildSettings = {
				ASSETCATALOG_COMPILER_APPICON_NAME = AppIcon;
				ASSETCATALOG_COMPILER_GLOBAL_ACCENT_COLOR_NAME = AccentColor;
				CODE_SIGN_STYLE = Automatic;
				CURRENT_PROJECT_VERSION = 1;
				DEVELOPMENT_TEAM = AR7F5K65X9;
				GENERATE_INFOPLIST_FILE = YES;
				INFOPLIST_FILE = launchPad/Info.plist;
				INFOPLIST_KEY_UIApplicationSupportsIndirectInputEvents = YES;
				INFOPLIST_KEY_UILaunchStoryboardName = LaunchScreen;
				INFOPLIST_KEY_UISupportedInterfaceOrientations = UIInterfaceOrientationPortrait;
				INFOPLIST_KEY_UISupportedInterfaceOrientations_iPad = "UIInterfaceOrientationPortrait UIInterfaceOrientationPortraitUpsideDown UIInterfaceOrientationLandscapeLeft UIInterfaceOrientationLandscapeRight";
				INFOPLIST_KEY_UISupportedInterfaceOrientations_iPhone = "UIInterfaceOrientationPortrait UIInterfaceOrientationLandscapeLeft UIInterfaceOrientationLandscapeRight";
				IPHONEOS_DEPLOYMENT_TARGET = 15.0;
				LD_RUNPATH_SEARCH_PATHS = (
					"$(inherited)",
					"@executable_path/Frameworks",
				);
				MARKETING_VERSION = 1.0;
				PRODUCT_BUNDLE_IDENTIFIER = xyz.obvsly.launchPad;
				PRODUCT_NAME = "$(TARGET_NAME)";
				SWIFT_EMIT_LOC_STRINGS = YES;
				SWIFT_VERSION = 5.0;
				TARGETED_DEVICE_FAMILY = 1;
			};
			name = Debug;
		};
		52BDC7F5282D369500CF3B26 /* Release */ = {
			isa = XCBuildConfiguration;
			buildSettings = {
				ASSETCATALOG_COMPILER_APPICON_NAME = AppIcon;
				ASSETCATALOG_COMPILER_GLOBAL_ACCENT_COLOR_NAME = AccentColor;
				CODE_SIGN_STYLE = Automatic;
				CURRENT_PROJECT_VERSION = 1;
				DEVELOPMENT_TEAM = AR7F5K65X9;
				GENERATE_INFOPLIST_FILE = YES;
				INFOPLIST_FILE = launchPad/Info.plist;
				INFOPLIST_KEY_UIApplicationSupportsIndirectInputEvents = YES;
				INFOPLIST_KEY_UILaunchStoryboardName = LaunchScreen;
				INFOPLIST_KEY_UISupportedInterfaceOrientations = UIInterfaceOrientationPortrait;
				INFOPLIST_KEY_UISupportedInterfaceOrientations_iPad = "UIInterfaceOrientationPortrait UIInterfaceOrientationPortraitUpsideDown UIInterfaceOrientationLandscapeLeft UIInterfaceOrientationLandscapeRight";
				INFOPLIST_KEY_UISupportedInterfaceOrientations_iPhone = "UIInterfaceOrientationPortrait UIInterfaceOrientationLandscapeLeft UIInterfaceOrientationLandscapeRight";
				IPHONEOS_DEPLOYMENT_TARGET = 15.0;
				LD_RUNPATH_SEARCH_PATHS = (
					"$(inherited)",
					"@executable_path/Frameworks",
				);
				MARKETING_VERSION = 1.0;
				PRODUCT_BUNDLE_IDENTIFIER = xyz.obvsly.launchPad;
				PRODUCT_NAME = "$(TARGET_NAME)";
				SWIFT_EMIT_LOC_STRINGS = YES;
				SWIFT_VERSION = 5.0;
				TARGETED_DEVICE_FAMILY = 1;
			};
			name = Release;
		};
/* End XCBuildConfiguration section */

/* Begin XCConfigurationList section */
		52BDC7DA282D369200CF3B26 /* Build configuration list for PBXProject "launchPad" */ = {
			isa = XCConfigurationList;
			buildConfigurations = (
				52BDC7F1282D369500CF3B26 /* Debug */,
				52BDC7F2282D369500CF3B26 /* Release */,
			);
			defaultConfigurationIsVisible = 0;
			defaultConfigurationName = Release;
		};
		52BDC7F3282D369500CF3B26 /* Build configuration list for PBXNativeTarget "launchPad" */ = {
			isa = XCConfigurationList;
			buildConfigurations = (
				52BDC7F4282D369500CF3B26 /* Debug */,
				52BDC7F5282D369500CF3B26 /* Release */,
			);
			defaultConfigurationIsVisible = 0;
			defaultConfigurationName = Release;
		};
/* End XCConfigurationList section */
	};
	rootObject = 52BDC7D7282D369200CF3B26 /* Project object */;
}
